
Microsoft Visual Studio Solution File, Format Version 12.00
# Visual Studio 15
VisualStudioVersion = 15.0.26730.12
MinimumVisualStudioVersion = 10.0.40219.1
Project("{FAE04EC0-301F-11D3-BF4B-00C04F79EFBC}") = "GestionVentas", "GestionVentas\GestionVentas.csproj", "{3AF4CC7E-3724-46D9-AB42-0F3413808F55}"
EndProject
Global
	GlobalSection(SolutionConfigurationPlatforms) = preSolution
		Debug|Any CPU = Debug|Any CPU
		Release|Any CPU = Release|Any CPU
	EndGlobalSection
	GlobalSection(ProjectConfigurationPlatforms) = postSolution
		{3AF4CC7E-3724-46D9-AB42-0F3413808F55}.Debug|Any CPU.ActiveCfg = Debug|Any CPU
		{3AF4CC7E-3724-46D9-AB42-0F3413808F55}.Debug|Any CPU.Build.0 = Debug|Any CPU
		{3AF4CC7E-3724-46D9-AB42-0F3413808F55}.Release|Any CPU.ActiveCfg = Release|Any CPU
		{3AF4CC7E-3724-46D9-AB42-0F3413808F55}.Release|Any CPU.Build.0 = Release|Any CPU
	EndGlobalSection
	GlobalSection(SolutionProperties) = preSolution
		HideSolutionNode = FALSE
	EndGlobalSection
	GlobalSection(ExtensibilityGlobals) = postSolution
		SolutionGuid = {956F4652-1075-4D51-B09D-A3C0D2D5177A}
	EndGlobalSection
EndGlobal
